
Microsoft Visual Studio Solution File, Format Version 12.00
# Visual Studio Version 17
VisualStudioVersion = 17.12.35728.132 d17.12
MinimumVisualStudioVersion = 10.0.40219.1
Project("{FAE04EC0-301F-11D3-BF4B-00C04F79EFBC}") = "SqlMcpServer", "SqlMcpServer\SqlMcpServer.csproj", "{BAC96ED5-C174-4A62-879A-AAA216F2CE8E}"
EndProject
Global
	GlobalSection(SolutionConfigurationPlatforms) = preSolution
		Debug|Any CPU = Debug|Any CPU
		Release|Any CPU = Release|Any CPU
	EndGlobalSection
	GlobalSection(ProjectConfigurationPlatforms) = postSolution
		{BAC96ED5-C174-4A62-879A-AAA216F2CE8E}.Debug|Any CPU.ActiveCfg = Debug|Any CPU
		{BAC96ED5-C174-4A62-879A-AAA216F2CE8E}.Debug|Any CPU.Build.0 = Debug|Any CPU
		{BAC96ED5-C174-4A62-879A-AAA216F2CE8E}.Release|Any CPU.ActiveCfg = Release|Any CPU
		{BAC96ED5-C174-4A62-879A-AAA216F2CE8E}.Release|Any CPU.Build.0 = Release|Any CPU
	EndGlobalSection
	GlobalSection(SolutionProperties) = preSolution
		HideSolutionNode = FALSE
	EndGlobalSection
EndGlobal
